// !$*UTF8*$!
{
	archiveVersion = 1;
	classes = {
	};
	objectVersion = 46;
	objects = {

/* Begin PBXBuildFile section */
		E90DCB4B1851016100402317 /* MapKit.framework in Frameworks */ = {isa = PBXBuildFile; fileRef = E90DCB4A1851016100402317 /* MapKit.framework */; };
		E9269E70185A816F001A966B /* LCAnimatedMenu.m in Sources */ = {isa = PBXBuildFile; fileRef = E9269E6D185A816F001A966B /* LCAnimatedMenu.m */; };
		E9269E71185A816F001A966B /* LCMenuItem.m in Sources */ = {isa = PBXBuildFile; fileRef = E9269E6F185A816F001A966B /* LCMenuItem.m */; };
		E9842BFF185A304500A8ABC6 /* WithoutBarsViewController.m in Sources */ = {isa = PBXBuildFile; fileRef = E9842BFE185A304500A8ABC6 /* WithoutBarsViewController.m */; };
		E9E0F25D18354BA400FC2BD7 /* Foundation.framework in Frameworks */ = {isa = PBXBuildFile; fileRef = E9E0F25C18354BA400FC2BD7 /* Foundation.framework */; };
		E9E0F25F18354BA400FC2BD7 /* CoreGraphics.framework in Frameworks */ = {isa = PBXBuildFile; fileRef = E9E0F25E18354BA400FC2BD7 /* CoreGraphics.framework */; };
		E9E0F26118354BA400FC2BD7 /* UIKit.framework in Frameworks */ = {isa = PBXBuildFile; fileRef = E9E0F26018354BA400FC2BD7 /* UIKit.framework */; };
		E9E0F26718354BA400FC2BD7 /* InfoPlist.strings in Resources */ = {isa = PBXBuildFile; fileRef = E9E0F26518354BA400FC2BD7 /* InfoPlist.strings */; };
		E9E0F26918354BA400FC2BD7 /* main.m in Sources */ = {isa = PBXBuildFile; fileRef = E9E0F26818354BA400FC2BD7 /* main.m */; };
		E9E0F26D18354BA400FC2BD7 /* AppDelegate.m in Sources */ = {isa = PBXBuildFile; fileRef = E9E0F26C18354BA400FC2BD7 /* AppDelegate.m */; };
		E9E0F27018354BA400FC2BD7 /* Main.storyboard in Resources */ = {isa = PBXBuildFile; fileRef = E9E0F26E18354BA400FC2BD7 /* Main.storyboard */; };
		E9E0F27318354BA400FC2BD7 /* WithBarsViewController.m in Sources */ = {isa = PBXBuildFile; fileRef = E9E0F27218354BA400FC2BD7 /* WithBarsViewController.m */; };
		E9E0F27518354BA400FC2BD7 /* Images.xcassets in Resources */ = {isa = PBXBuildFile; fileRef = E9E0F27418354BA400FC2BD7 /* Images.xcassets */; };
		E9E0F27C18354BA400FC2BD7 /* XCTest.framework in Frameworks */ = {isa = PBXBuildFile; fileRef = E9E0F27B18354BA400FC2BD7 /* XCTest.framework */; };
		E9E0F27D18354BA400FC2BD7 /* Foundation.framework in Frameworks */ = {isa = PBXBuildFile; fileRef = E9E0F25C18354BA400FC2BD7 /* Foundation.framework */; };
		E9E0F27E18354BA400FC2BD7 /* UIKit.framework in Frameworks */ = {isa = PBXBuildFile; fileRef = E9E0F26018354BA400FC2BD7 /* UIKit.framework */; };
		E9E0F28618354BA400FC2BD7 /* InfoPlist.strings in Resources */ = {isa = PBXBuildFile; fileRef = E9E0F28418354BA400FC2BD7 /* InfoPlist.strings */; };
		E9E0F28818354BA400FC2BD7 /* LCAnimatedMenuTests.m in Sources */ = {isa = PBXBuildFile; fileRef = E9E0F28718354BA400FC2BD7 /* LCAnimatedMenuTests.m */; };
/* End PBXBuildFile section */

/* Begin PBXContainerItemProxy section */
		E9E0F27F18354BA400FC2BD7 /* PBXContainerItemProxy */ = {
			isa = PBXContainerItemProxy;
			containerPortal = E9E0F25118354BA400FC2BD7 /* Project object */;
			proxyType = 1;
			remoteGlobalIDString = E9E0F25818354BA400FC2BD7;
			remoteInfo = LCAnimatedMenu;
		};
/* End PBXContainerItemProxy section */

/* Begin PBXFileReference section */
		E90DCB4A1851016100402317 /* MapKit.framework */ = {isa = PBXFileReference; lastKnownFileType = wrapper.framework; name = MapKit.framework; path = System/Library/Frameworks/MapKit.framework; sourceTree = SDKROOT; };
		E9269E6C185A816F001A966B /* LCAnimatedMenu.h */ = {isa = PBXFileReference; fileEncoding = 4; lastKnownFileType = sourcecode.c.h; path = LCAnimatedMenu.h; sourceTree = "<group>"; };
		E9269E6D185A816F001A966B /* LCAnimatedMenu.m */ = {isa = PBXFileReference; fileEncoding = 4; lastKnownFileType = sourcecode.c.objc; path = LCAnimatedMenu.m; sourceTree = "<group>"; };
		E9269E6E185A816F001A966B /* LCMenuItem.h */ = {isa = PBXFileReference; fileEncoding = 4; lastKnownFileType = sourcecode.c.h; path = LCMenuItem.h; sourceTree = "<group>"; };
		E9269E6F185A816F001A966B /* LCMenuItem.m */ = {isa = PBXFileReference; fileEncoding = 4; lastKnownFileType = sourcecode.c.objc; path = LCMenuItem.m; sourceTree = "<group>"; };
		E9842BFD185A304500A8ABC6 /* WithoutBarsViewController.h */ = {isa = PBXFileReference; fileEncoding = 4; lastKnownFileType = sourcecode.c.h; path = WithoutBarsViewController.h; sourceTree = "<group>"; };
		E9842BFE185A304500A8ABC6 /* WithoutBarsViewController.m */ = {isa = PBXFileReference; fileEncoding = 4; lastKnownFileType = sourcecode.c.objc; path = WithoutBarsViewController.m; sourceTree = "<group>"; };
		E9E0F25918354BA400FC2BD7 /* LCAnimatedMenu.app */ = {isa = PBXFileReference; explicitFileType = wrapper.application; includeInIndex = 0; path = LCAnimatedMenu.app; sourceTree = BUILT_PRODUCTS_DIR; };
		E9E0F25C18354BA400FC2BD7 /* Foundation.framework */ = {isa = PBXFileReference; lastKnownFileType = wrapper.framework; name = Foundation.framework; path = System/Library/Frameworks/Foundation.framework; sourceTree = SDKROOT; };
		E9E0F25E18354BA400FC2BD7 /* CoreGraphics.framework */ = {isa = PBXFileReference; lastKnownFileType = wrapper.framework; name = CoreGraphics.framework; path = System/Library/Frameworks/CoreGraphics.framework; sourceTree = SDKROOT; };
		E9E0F26018354BA400FC2BD7 /* UIKit.framework */ = {isa = PBXFileReference; lastKnownFileType = wrapper.framework; name = UIKit.framework; path = System/Library/Frameworks/UIKit.framework; sourceTree = SDKROOT; };
		E9E0F26418354BA400FC2BD7 /* LCAnimatedMenu-Info.plist */ = {isa = PBXFileReference; lastKnownFileType = text.plist.xml; path = "LCAnimatedMenu-Info.plist"; sourceTree = "<group>"; };
		E9E0F26618354BA400FC2BD7 /* en */ = {isa = PBXFileReference; lastKnownFileType = text.plist.strings; name = en; path = en.lproj/InfoPlist.strings; sourceTree = "<group>"; };
		E9E0F26818354BA400FC2BD7 /* main.m */ = {isa = PBXFileReference; lastKnownFileType = sourcecode.c.objc; path = main.m; sourceTree = "<group>"; };
		E9E0F26A18354BA400FC2BD7 /* LCAnimatedMenu-Prefix.pch */ = {isa = PBXFileReference; lastKnownFileType = sourcecode.c.h; path = "LCAnimatedMenu-Prefix.pch"; sourceTree = "<group>"; };
		E9E0F26B18354BA400FC2BD7 /* AppDelegate.h */ = {isa = PBXFileReference; lastKnownFileType = sourcecode.c.h; path = AppDelegate.h; sourceTree = "<group>"; };
		E9E0F26C18354BA400FC2BD7 /* AppDelegate.m */ = {isa = PBXFileReference; lastKnownFileType = sourcecode.c.objc; path = AppDelegate.m; sourceTree = "<group>"; };
		E9E0F26F18354BA400FC2BD7 /* Base */ = {isa = PBXFileReference; lastKnownFileType = file.storyboard; name = Base; path = Base.lproj/Main.storyboard; sourceTree = "<group>"; };
		E9E0F27118354BA400FC2BD7 /* WithBarsViewController.h */ = {isa = PBXFileReference; lastKnownFileType = sourcecode.c.h; path = WithBarsViewController.h; sourceTree = "<group>"; };
		E9E0F27218354BA400FC2BD7 /* WithBarsViewController.m */ = {isa = PBXFileReference; lastKnownFileType = sourcecode.c.objc; path = WithBarsViewController.m; sourceTree = "<group>"; };
		E9E0F27418354BA400FC2BD7 /* Images.xcassets */ = {isa = PBXFileReference; lastKnownFileType = folder.assetcatalog; path = Images.xcassets; sourceTree = "<group>"; };
		E9E0F27A18354BA400FC2BD7 /* LCAnimatedMenuTests.xctest */ = {isa = PBXFileReference; explicitFileType = wrapper.cfbundle; includeInIndex = 0; path = LCAnimatedMenuTests.xctest; sourceTree = BUILT_PRODUCTS_DIR; };
		E9E0F27B18354BA400FC2BD7 /* XCTest.framework */ = {isa = PBXFileReference; lastKnownFileType = wrapper.framework; name = XCTest.framework; path = Library/Frameworks/XCTest.framework; sourceTree = DEVELOPER_DIR; };
		E9E0F28318354BA400FC2BD7 /* LCAnimatedMenuTests-Info.plist */ = {isa = PBXFileReference; lastKnownFileType = text.plist.xml; path = "LCAnimatedMenuTests-Info.plist"; sourceTree = "<group>"; };
		E9E0F28518354BA400FC2BD7 /* en */ = {isa = PBXFileReference; lastKnownFileType = text.plist.strings; name = en; path = en.lproj/InfoPlist.strings; sourceTree = "<group>"; };
		E9E0F28718354BA400FC2BD7 /* LCAnimatedMenuTests.m */ = {isa = PBXFileReference; lastKnownFileType = sourcecode.c.objc; path = LCAnimatedMenuTests.m; sourceTree = "<group>"; };
/* End PBXFileReference section */

/* Begin PBXFrameworksBuildPhase section */
		E9E0F25618354BA400FC2BD7 /* Frameworks */ = {
			isa = PBXFrameworksBuildPhase;
			buildActionMask = 2147483647;
			files = (
				E90DCB4B1851016100402317 /* MapKit.framework in Frameworks */,
				E9E0F25F18354BA400FC2BD7 /* CoreGraphics.framework in Frameworks */,
				E9E0F26118354BA400FC2BD7 /* UIKit.framework in Frameworks */,
				E9E0F25D18354BA400FC2BD7 /* Foundation.framework in Frameworks */,
			);
			runOnlyForDeploymentPostprocessing = 0;
		};
		E9E0F27718354BA400FC2BD7 /* Frameworks */ = {
			isa = PBXFrameworksBuildPhase;
			buildActionMask = 2147483647;
			files = (
				E9E0F27C18354BA400FC2BD7 /* XCTest.framework in Frameworks */,
				E9E0F27E18354BA400FC2BD7 /* UIKit.framework in Frameworks */,
				E9E0F27D18354BA400FC2BD7 /* Foundation.framework in Frameworks */,
			);
			runOnlyForDeploymentPostprocessing = 0;
		};
/* End PBXFrameworksBuildPhase section */

/* Begin PBXGroup section */
		E9269E6B185A816F001A966B /* Source */ = {
			isa = PBXGroup;
			children = (
				E9269E6C185A816F001A966B /* LCAnimatedMenu.h */,
				E9269E6D185A816F001A966B /* LCAnimatedMenu.m */,
				E9269E6E185A816F001A966B /* LCMenuItem.h */,
				E9269E6F185A816F001A966B /* LCMenuItem.m */,
			);
			path = Source;
			sourceTree = SOURCE_ROOT;
		};
		E9E0F25018354BA400FC2BD7 = {
			isa = PBXGroup;
			children = (
				E9E0F26218354BA400FC2BD7 /* LCAnimatedMenu */,
				E9E0F28118354BA400FC2BD7 /* LCAnimatedMenuTests */,
				E9E0F25B18354BA400FC2BD7 /* Frameworks */,
				E9E0F25A18354BA400FC2BD7 /* Products */,
			);
			sourceTree = "<group>";
		};
		E9E0F25A18354BA400FC2BD7 /* Products */ = {
			isa = PBXGroup;
			children = (
				E9E0F25918354BA400FC2BD7 /* LCAnimatedMenu.app */,
				E9E0F27A18354BA400FC2BD7 /* LCAnimatedMenuTests.xctest */,
			);
			name = Products;
			sourceTree = "<group>";
		};
		E9E0F25B18354BA400FC2BD7 /* Frameworks */ = {
			isa = PBXGroup;
			children = (
				E90DCB4A1851016100402317 /* MapKit.framework */,
				E9E0F25C18354BA400FC2BD7 /* Foundation.framework */,
				E9E0F25E18354BA400FC2BD7 /* CoreGraphics.framework */,
				E9E0F26018354BA400FC2BD7 /* UIKit.framework */,
				E9E0F27B18354BA400FC2BD7 /* XCTest.framework */,
			);
			name = Frameworks;
			sourceTree = "<group>";
		};
		E9E0F26218354BA400FC2BD7 /* LCAnimatedMenu */ = {
			isa = PBXGroup;
			children = (
				E9269E6B185A816F001A966B /* Source */,
				E9E0F26B18354BA400FC2BD7 /* AppDelegate.h */,
				E9E0F26C18354BA400FC2BD7 /* AppDelegate.m */,
				E9E0F27118354BA400FC2BD7 /* WithBarsViewController.h */,
				E9E0F27218354BA400FC2BD7 /* WithBarsViewController.m */,
				E9842BFD185A304500A8ABC6 /* WithoutBarsViewController.h */,
				E9842BFE185A304500A8ABC6 /* WithoutBarsViewController.m */,
				E9E0F26E18354BA400FC2BD7 /* Main.storyboard */,
				E9E0F27418354BA400FC2BD7 /* Images.xcassets */,
				E9E0F26318354BA400FC2BD7 /* Supporting Files */,
			);
			path = LCAnimatedMenu;
			sourceTree = "<group>";
		};
		E9E0F26318354BA400FC2BD7 /* Supporting Files */ = {
			isa = PBXGroup;
			children = (
				E9E0F26418354BA400FC2BD7 /* LCAnimatedMenu-Info.plist */,
				E9E0F26518354BA400FC2BD7 /* InfoPlist.strings */,
				E9E0F26818354BA400FC2BD7 /* main.m */,
				E9E0F26A18354BA400FC2BD7 /* LCAnimatedMenu-Prefix.pch */,
			);
			name = "Supporting Files";
			sourceTree = "<group>";
		};
		E9E0F28118354BA400FC2BD7 /* LCAnimatedMenuTests */ = {
			isa = PBXGroup;
			children = (
				E9E0F28718354BA400FC2BD7 /* LCAnimatedMenuTests.m */,
				E9E0F28218354BA400FC2BD7 /* Supporting Files */,
			);
			path = LCAnimatedMenuTests;
			sourceTree = "<group>";
		};
		E9E0F28218354BA400FC2BD7 /* Supporting Files */ = {
			isa = PBXGroup;
			children = (
				E9E0F28318354BA400FC2BD7 /* LCAnimatedMenuTests-Info.plist */,
				E9E0F28418354BA400FC2BD7 /* InfoPlist.strings */,
			);
			name = "Supporting Files";
			sourceTree = "<group>";
		};
/* End PBXGroup section */

/* Begin PBXNativeTarget section */
		E9E0F25818354BA400FC2BD7 /* LCAnimatedMenu */ = {
			isa = PBXNativeTarget;
			buildConfigurationList = E9E0F28B18354BA400FC2BD7 /* Build configuration list for PBXNativeTarget "LCAnimatedMenu" */;
			buildPhases = (
				E9E0F25518354BA400FC2BD7 /* Sources */,
				E9E0F25618354BA400FC2BD7 /* Frameworks */,
				E9E0F25718354BA400FC2BD7 /* Resources */,
			);
			buildRules = (
			);
			dependencies = (
			);
			name = LCAnimatedMenu;
			productName = LCAnimatedMenu;
			productReference = E9E0F25918354BA400FC2BD7 /* LCAnimatedMenu.app */;
			productType = "com.apple.product-type.application";
		};
		E9E0F27918354BA400FC2BD7 /* LCAnimatedMenuTests */ = {
			isa = PBXNativeTarget;
			buildConfigurationList = E9E0F28E18354BA400FC2BD7 /* Build configuration list for PBXNativeTarget "LCAnimatedMenuTests" */;
			buildPhases = (
				E9E0F27618354BA400FC2BD7 /* Sources */,
				E9E0F27718354BA400FC2BD7 /* Frameworks */,
				E9E0F27818354BA400FC2BD7 /* Resources */,
			);
			buildRules = (
			);
			dependencies = (
				E9E0F28018354BA400FC2BD7 /* PBXTargetDependency */,
			);
			name = LCAnimatedMenuTests;
			productName = LCAnimatedMenuTests;
			productReference = E9E0F27A18354BA400FC2BD7 /* LCAnimatedMenuTests.xctest */;
			productType = "com.apple.product-type.bundle.unit-test";
		};
/* End PBXNativeTarget section */

/* Begin PBXProject section */
		E9E0F25118354BA400FC2BD7 /* Project object */ = {
			isa = PBXProject;
			attributes = {
				LastUpgradeCheck = 0500;
				ORGANIZATIONNAME = ThXou;
				TargetAttributes = {
					E9E0F27918354BA400FC2BD7 = {
						TestTargetID = E9E0F25818354BA400FC2BD7;
					};
				};
			};
			buildConfigurationList = E9E0F25418354BA400FC2BD7 /* Build configuration list for PBXProject "LCAnimatedMenu" */;
			compatibilityVersion = "Xcode 3.2";
			developmentRegion = English;
			hasScannedForEncodings = 0;
			knownRegions = (
				en,
				Base,
			);
			mainGroup = E9E0F25018354BA400FC2BD7;
			productRefGroup = E9E0F25A18354BA400FC2BD7 /* Products */;
			projectDirPath = "";
			projectRoot = "";
			targets = (
				E9E0F25818354BA400FC2BD7 /* LCAnimatedMenu */,
				E9E0F27918354BA400FC2BD7 /* LCAnimatedMenuTests */,
			);
		};
/* End PBXProject section */

/* Begin PBXResourcesBuildPhase section */
		E9E0F25718354BA400FC2BD7 /* Resources */ = {
			isa = PBXResourcesBuildPhase;
			buildActionMask = 2147483647;
			files = (
				E9E0F27518354BA400FC2BD7 /* Images.xcassets in Resources */,
				E9E0F26718354BA400FC2BD7 /* InfoPlist.strings in Resources */,
				E9E0F27018354BA400FC2BD7 /* Main.storyboard in Resources */,
			);
			runOnlyForDeploymentPostprocessing = 0;
		};
		E9E0F27818354BA400FC2BD7 /* Resources */ = {
			isa = PBXResourcesBuildPhase;
			buildActionMask = 2147483647;
			files = (
				E9E0F28618354BA400FC2BD7 /* InfoPlist.strings in Resources */,
			);
			runOnlyForDeploymentPostprocessing = 0;
		};
/* End PBXResourcesBuildPhase section */

/* Begin PBXSourcesBuildPhase section */
		E9E0F25518354BA400FC2BD7 /* Sources */ = {
			isa = PBXSourcesBuildPhase;
			buildActionMask = 2147483647;
			files = (
				E9269E71185A816F001A966B /* LCMenuItem.m in Sources */,
				E9E0F27318354BA400FC2BD7 /* WithBarsViewController.m in Sources */,
				E9E0F26D18354BA400FC2BD7 /* AppDelegate.m in Sources */,
				E9E0F26918354BA400FC2BD7 /* main.m in Sources */,
				E9842BFF185A304500A8ABC6 /* WithoutBarsViewController.m in Sources */,
				E9269E70185A816F001A966B /* LCAnimatedMenu.m in Sources */,
			);
			runOnlyForDeploymentPostprocessing = 0;
		};
		E9E0F27618354BA400FC2BD7 /* Sources */ = {
			isa = PBXSourcesBuildPhase;
			buildActionMask = 2147483647;
			files = (
				E9E0F28818354BA400FC2BD7 /* LCAnimatedMenuTests.m in Sources */,
			);
			runOnlyForDeploymentPostprocessing = 0;
		};
/* End PBXSourcesBuildPhase section */

/* Begin PBXTargetDependency section */
		E9E0F28018354BA400FC2BD7 /* PBXTargetDependency */ = {
			isa = PBXTargetDependency;
			target = E9E0F25818354BA400FC2BD7 /* LCAnimatedMenu */;
			targetProxy = E9E0F27F18354BA400FC2BD7 /* PBXContainerItemProxy */;
		};
/* End PBXTargetDependency section */

/* Begin PBXVariantGroup section */
		E9E0F26518354BA400FC2BD7 /* InfoPlist.strings */ = {
			isa = PBXVariantGroup;
			children = (
				E9E0F26618354BA400FC2BD7 /* en */,
			);
			name = InfoPlist.strings;
			sourceTree = "<group>";
		};
		E9E0F26E18354BA400FC2BD7 /* Main.storyboard */ = {
			isa = PBXVariantGroup;
			children = (
				E9E0F26F18354BA400FC2BD7 /* Base */,
			);
			name = Main.storyboard;
			sourceTree = "<group>";
		};
		E9E0F28418354BA400FC2BD7 /* InfoPlist.strings */ = {
			isa = PBXVariantGroup;
			children = (
				E9E0F28518354BA400FC2BD7 /* en */,
			);
			name = InfoPlist.strings;
			sourceTree = "<group>";
		};
/* End PBXVariantGroup section */

/* Begin XCBuildConfiguration section */
		E9E0F28918354BA400FC2BD7 /* Debug */ = {
			isa = XCBuildConfiguration;
			buildSettings = {
				ALWAYS_SEARCH_USER_PATHS = NO;
				ARCHS = "$(ARCHS_STANDARD_INCLUDING_64_BIT)";
				CLANG_CXX_LANGUAGE_STANDARD = "gnu++0x";
				CLANG_CXX_LIBRARY = "libc++";
				CLANG_ENABLE_MODULES = YES;
				CLANG_ENABLE_OBJC_ARC = YES;
				CLANG_WARN_BOOL_CONVERSION = YES;
				CLANG_WARN_CONSTANT_CONVERSION = YES;
				CLANG_WARN_DIRECT_OBJC_ISA_USAGE = YES_ERROR;
				CLANG_WARN_EMPTY_BODY = YES;
				CLANG_WARN_ENUM_CONVERSION = YES;
				CLANG_WARN_INT_CONVERSION = YES;
				CLANG_WARN_OBJC_ROOT_CLASS = YES_ERROR;
				CLANG_WARN__DUPLICATE_METHOD_MATCH = YES;
				"CODE_SIGN_IDENTITY[sdk=iphoneos*]" = "iPhone Developer";
				COPY_PHASE_STRIP = NO;
				GCC_C_LANGUAGE_STANDARD = gnu99;
				GCC_DYNAMIC_NO_PIC = NO;
				GCC_OPTIMIZATION_LEVEL = 0;
				GCC_PREPROCESSOR_DEFINITIONS = (
					"DEBUG=1",
					"$(inherited)",
				);
				GCC_SYMBOLS_PRIVATE_EXTERN = NO;
				GCC_WARN_64_TO_32_BIT_CONVERSION = YES;
				GCC_WARN_ABOUT_RETURN_TYPE = YES_ERROR;
				GCC_WARN_UNDECLARED_SELECTOR = YES;
				GCC_WARN_UNINITIALIZED_AUTOS = YES;
				GCC_WARN_UNUSED_FUNCTION = YES;
				GCC_WARN_UNUSED_VARIABLE = YES;
				IPHONEOS_DEPLOYMENT_TARGET = 7.0;
				ONLY_ACTIVE_ARCH = YES;
				SDKROOT = iphoneos;
			};
			name = Debug;
		};
		E9E0F28A18354BA400FC2BD7 /* Release */ = {
			isa = XCBuildConfiguration;
			buildSettings = {
				ALWAYS_SEARCH_USER_PATHS = NO;
				ARCHS = "$(ARCHS_STANDARD_INCLUDING_64_BIT)";
				CLANG_CXX_LANGUAGE_STANDARD = "gnu++0x";
				CLANG_CXX_LIBRARY = "libc++";
				CLANG_ENABLE_MODULES = YES;
				CLANG_ENABLE_OBJC_ARC = YES;
				CLANG_WARN_BOOL_CONVERSION = YES;
				CLANG_WARN_CONSTANT_CONVERSION = YES;
				CLANG_WARN_DIRECT_OBJC_ISA_USAGE = YES_ERROR;
				CLANG_WARN_EMPTY_BODY = YES;
				CLANG_WARN_ENUM_CONVERSION = YES;
				CLANG_WARN_INT_CONVERSION = YES;
				CLANG_WARN_OBJC_ROOT_CLASS = YES_ERROR;
				CLANG_WARN__DUPLICATE_METHOD_MATCH = YES;
				"CODE_SIGN_IDENTITY[sdk=iphoneos*]" = "iPhone Developer";
				COPY_PHASE_STRIP = YES;
				ENABLE_NS_ASSERTIONS = NO;
				GCC_C_LANGUAGE_STANDARD = gnu99;
				GCC_WARN_64_TO_32_BIT_CONVERSION = YES;
				GCC_WARN_ABOUT_RETURN_TYPE = YES_ERROR;
				GCC_WARN_UNDECLARED_SELECTOR = YES;
				GCC_WARN_UNINITIALIZED_AUTOS = YES;
				GCC_WARN_UNUSED_FUNCTION = YES;
				GCC_WARN_UNUSED_VARIABLE = YES;
				IPHONEOS_DEPLOYMENT_TARGET = 7.0;
				SDKROOT = iphoneos;
				VALIDATE_PRODUCT = YES;
			};
			name = Release;
		};
		E9E0F28C18354BA400FC2BD7 /* Debug */ = {
			isa = XCBuildConfiguration;
			buildSettings = {
				ASSETCATALOG_COMPILER_APPICON_NAME = AppIcon;
				ASSETCATALOG_COMPILER_LAUNCHIMAGE_NAME = LaunchImage;
				GCC_PRECOMPILE_PREFIX_HEADER = YES;
				GCC_PREFIX_HEADER = "LCAnimatedMenu/LCAnimatedMenu-Prefix.pch";
				INFOPLIST_FILE = "LCAnimatedMenu/LCAnimatedMenu-Info.plist";
				PRODUCT_NAME = "$(TARGET_NAME)";
				WRAPPER_EXTENSION = app;
			};
			name = Debug;
		};
		E9E0F28D18354BA400FC2BD7 /* Release */ = {
			isa = XCBuildConfiguration;
			buildSettings = {
				ASSETCATALOG_COMPILER_APPICON_NAME = AppIcon;
				ASSETCATALOG_COMPILER_LAUNCHIMAGE_NAME = LaunchImage;
				GCC_PRECOMPILE_PREFIX_HEADER = YES;
				GCC_PREFIX_HEADER = "LCAnimatedMenu/LCAnimatedMenu-Prefix.pch";
				INFOPLIST_FILE = "LCAnimatedMenu/LCAnimatedMenu-Info.plist";
				PRODUCT_NAME = "$(TARGET_NAME)";
				WRAPPER_EXTENSION = app;
			};
			name = Release;
		};
		E9E0F28F18354BA400FC2BD7 /* Debug */ = {
			isa = XCBuildConfiguration;
			buildSettings = {
				ARCHS = "$(ARCHS_STANDARD_INCLUDING_64_BIT)";
				BUNDLE_LOADER = "$(BUILT_PRODUCTS_DIR)/LCAnimatedMenu.app/LCAnimatedMenu";
				FRAMEWORK_SEARCH_PATHS = (
					"$(SDKROOT)/Developer/Library/Frameworks",
					"$(inherited)",
					"$(DEVELOPER_FRAMEWORKS_DIR)",
				);
				GCC_PRECOMPILE_PREFIX_HEADER = YES;
				GCC_PREFIX_HEADER = "LCAnimatedMenu/LCAnimatedMenu-Prefix.pch";
				GCC_PREPROCESSOR_DEFINITIONS = (
					"DEBUG=1",
					"$(inherited)",
				);
				INFOPLIST_FILE = "LCAnimatedMenuTests/LCAnimatedMenuTests-Info.plist";
				PRODUCT_NAME = "$(TARGET_NAME)";
				TEST_HOST = "$(BUNDLE_LOADER)";
				WRAPPER_EXTENSION = xctest;
			};
			name = Debug;
		};
		E9E0F29018354BA400FC2BD7 /* Release */ = {
			isa = XCBuildConfiguration;
			buildSettings = {
				ARCHS = "$(ARCHS_STANDARD_INCLUDING_64_BIT)";
				BUNDLE_LOADER = "$(BUILT_PRODUCTS_DIR)/LCAnimatedMenu.app/LCAnimatedMenu";
				FRAMEWORK_SEARCH_PATHS = (
					"$(SDKROOT)/Developer/Library/Frameworks",
					"$(inherited)",
					"$(DEVELOPER_FRAMEWORKS_DIR)",
				);
				GCC_PRECOMPILE_PREFIX_HEADER = YES;
				GCC_PREFIX_HEADER = "LCAnimatedMenu/LCAnimatedMenu-Prefix.pch";
				INFOPLIST_FILE = "LCAnimatedMenuTests/LCAnimatedMenuTests-Info.plist";
				PRODUCT_NAME = "$(TARGET_NAME)";
				TEST_HOST = "$(BUNDLE_LOADER)";
				WRAPPER_EXTENSION = xctest;
			};
			name = Release;
		};
/* End XCBuildConfiguration section */

/* Begin XCConfigurationList section */
		E9E0F25418354BA400FC2BD7 /* Build configuration list for PBXProject "LCAnimatedMenu" */ = {
			isa = XCConfigurationList;
			buildConfigurations = (
				E9E0F28918354BA400FC2BD7 /* Debug */,
				E9E0F28A18354BA400FC2BD7 /* Release */,
			);
			defaultConfigurationIsVisible = 0;
			defaultConfigurationName = Release;
		};
		E9E0F28B18354BA400FC2BD7 /* Build configuration list for PBXNativeTarget "LCAnimatedMenu" */ = {
			isa = XCConfigurationList;
			buildConfigurations = (
				E9E0F28C18354BA400FC2BD7 /* Debug */,
				E9E0F28D18354BA400FC2BD7 /* Release */,
			);
			defaultConfigurationIsVisible = 0;
			defaultConfigurationName = Release;
		};
		E9E0F28E18354BA400FC2BD7 /* Build configuration list for PBXNativeTarget "LCAnimatedMenuTests" */ = {
			isa = XCConfigurationList;
			buildConfigurations = (
				E9E0F28F18354BA400FC2BD7 /* Debug */,
				E9E0F29018354BA400FC2BD7 /* Release */,
			);
			defaultConfigurationIsVisible = 0;
			defaultConfigurationName = Release;
		};
/* End XCConfigurationList section */
	};
	rootObject = E9E0F25118354BA400FC2BD7 /* Project object */;
}
